
Microsoft Visual Studio Solution File, Format Version 12.00
# Visual Studio 14
VisualStudioVersion = 14.0.24720.0
MinimumVisualStudioVersion = 10.0.40219.1
Project("{FAE04EC0-301F-11D3-BF4B-00C04F79EFBC}") = "SportsStore.Domain", "SportsStore.Domain\SportsStore.Domain.csproj", "{BE43E7A1-B6C9-46CA-88D8-F6C72AC15F72}"
EndProject
Project("{FAE04EC0-301F-11D3-BF4B-00C04F79EFBC}") = "SportsStore.WebUI", "SportsStore.WebUI\SportsStore.WebUI.csproj", "{FBB6B152-2D07-4810-AB2C-179C1813315A}"
EndProject
Project("{FAE04EC0-301F-11D3-BF4B-00C04F79EFBC}") = "SportsStore.UnitTests", "SportsStore.UnitTests\SportsStore.UnitTests.csproj", "{B878D440-4694-4BDB-A8A5-10920EC18778}"
EndProject
Global
	GlobalSection(SolutionConfigurationPlatforms) = preSolution
		Debug|Any CPU = Debug|Any CPU
		Release|Any CPU = Release|Any CPU
	EndGlobalSection
	GlobalSection(ProjectConfigurationPlatforms) = postSolution
		{BE43E7A1-B6C9-46CA-88D8-F6C72AC15F72}.Debug|Any CPU.ActiveCfg = Debug|Any CPU
		{BE43E7A1-B6C9-46CA-88D8-F6C72AC15F72}.Debug|Any CPU.Build.0 = Debug|Any CPU
		{BE43E7A1-B6C9-46CA-88D8-F6C72AC15F72}.Release|Any CPU.ActiveCfg = Release|Any CPU
		{BE43E7A1-B6C9-46CA-88D8-F6C72AC15F72}.Release|Any CPU.Build.0 = Release|Any CPU
		{FBB6B152-2D07-4810-AB2C-179C1813315A}.Debug|Any CPU.ActiveCfg = Debug|Any CPU
		{FBB6B152-2D07-4810-AB2C-179C1813315A}.Debug|Any CPU.Build.0 = Debug|Any CPU
		{FBB6B152-2D07-4810-AB2C-179C1813315A}.Release|Any CPU.ActiveCfg = Release|Any CPU
		{FBB6B152-2D07-4810-AB2C-179C1813315A}.Release|Any CPU.Build.0 = Release|Any CPU
		{B878D440-4694-4BDB-A8A5-10920EC18778}.Debug|Any CPU.ActiveCfg = Debug|Any CPU
		{B878D440-4694-4BDB-A8A5-10920EC18778}.Debug|Any CPU.Build.0 = Debug|Any CPU
		{B878D440-4694-4BDB-A8A5-10920EC18778}.Release|Any CPU.ActiveCfg = Release|Any CPU
		{B878D440-4694-4BDB-A8A5-10920EC18778}.Release|Any CPU.Build.0 = Release|Any CPU
	EndGlobalSection
	GlobalSection(SolutionProperties) = preSolution
		HideSolutionNode = FALSE
	EndGlobalSection
EndGlobal
